// !$*UTF8*$!
{
	archiveVersion = 1;
	classes = {
	};
	objectVersion = 46;
	objects = {

/* Begin PBXBuildFile section */
		FA48740016A0AE6C00D034FC /* UIKit.framework in Frameworks */ = {isa = PBXBuildFile; fileRef = FA4873FF16A0AE6C00D034FC /* UIKit.framework */; };
		FA48740216A0AE6C00D034FC /* Foundation.framework in Frameworks */ = {isa = PBXBuildFile; fileRef = FA48740116A0AE6C00D034FC /* Foundation.framework */; };
		FA48740416A0AE6C00D034FC /* CoreGraphics.framework in Frameworks */ = {isa = PBXBuildFile; fileRef = FA48740316A0AE6C00D034FC /* CoreGraphics.framework */; };
		FA48740A16A0AE6C00D034FC /* InfoPlist.strings in Resources */ = {isa = PBXBuildFile; fileRef = FA48740816A0AE6C00D034FC /* InfoPlist.strings */; };
		FA48740C16A0AE6C00D034FC /* main.m in Sources */ = {isa = PBXBuildFile; fileRef = FA48740B16A0AE6C00D034FC /* main.m */; };
		FA48741016A0AE6C00D034FC /* AppDelegate.m in Sources */ = {isa = PBXBuildFile; fileRef = FA48740F16A0AE6C00D034FC /* AppDelegate.m */; };
		FA48741216A0AE6C00D034FC /* Default.png in Resources */ = {isa = PBXBuildFile; fileRef = FA48741116A0AE6C00D034FC /* Default.png */; };
		FA48741416A0AE6C00D034FC /* Default@2x.png in Resources */ = {isa = PBXBuildFile; fileRef = FA48741316A0AE6C00D034FC /* Default@2x.png */; };
		FA48741616A0AE6C00D034FC /* Default-568h@2x.png in Resources */ = {isa = PBXBuildFile; fileRef = FA48741516A0AE6C00D034FC /* Default-568h@2x.png */; };
/* End PBXBuildFile section */

/* Begin PBXFileReference section */
		FA4873FB16A0AE6C00D034FC /* OBJCapp.app */ = {isa = PBXFileReference; explicitFileType = wrapper.application; includeInIndex = 0; path = OBJCapp.app; sourceTree = BUILT_PRODUCTS_DIR; };
		FA4873FF16A0AE6C00D034FC /* UIKit.framework */ = {isa = PBXFileReference; lastKnownFileType = wrapper.framework; name = UIKit.framework; path = System/Library/Frameworks/UIKit.framework; sourceTree = SDKROOT; };
		FA48740116A0AE6C00D034FC /* Foundation.framework */ = {isa = PBXFileReference; lastKnownFileType = wrapper.framework; name = Foundation.framework; path = System/Library/Frameworks/Foundation.framework; sourceTree = SDKROOT; };
		FA48740316A0AE6C00D034FC /* CoreGraphics.framework */ = {isa = PBXFileReference; lastKnownFileType = wrapper.framework; name = CoreGraphics.framework; path = System/Library/Frameworks/CoreGraphics.framework; sourceTree = SDKROOT; };
		FA48740716A0AE6C00D034FC /* OBJCapp-Info.plist */ = {isa = PBXFileReference; lastKnownFileType = text.plist.xml; path = "OBJCapp-Info.plist"; sourceTree = "<group>"; };
		FA48740916A0AE6C00D034FC /* en */ = {isa = PBXFileReference; lastKnownFileType = text.plist.strings; name = en; path = en.lproj/InfoPlist.strings; sourceTree = "<group>"; };
		FA48740B16A0AE6C00D034FC /* main.m */ = {isa = PBXFileReference; lastKnownFileType = sourcecode.c.objc; path = main.m; sourceTree = "<group>"; };
		FA48740D16A0AE6C00D034FC /* OBJCapp-Prefix.pch */ = {isa = PBXFileReference; lastKnownFileType = sourcecode.c.h; path = "OBJCapp-Prefix.pch"; sourceTree = "<group>"; };
		FA48740E16A0AE6C00D034FC /* AppDelegate.h */ = {isa = PBXFileReference; lastKnownFileType = sourcecode.c.h; path = AppDelegate.h; sourceTree = "<group>"; };
		FA48740F16A0AE6C00D034FC /* AppDelegate.m */ = {isa = PBXFileReference; lastKnownFileType = sourcecode.c.objc; path = AppDelegate.m; sourceTree = "<group>"; };
		FA48741116A0AE6C00D034FC /* Default.png */ = {isa = PBXFileReference; lastKnownFileType = image.png; path = Default.png; sourceTree = "<group>"; };
		FA48741316A0AE6C00D034FC /* Default@2x.png */ = {isa = PBXFileReference; lastKnownFileType = image.png; path = "Default@2x.png"; sourceTree = "<group>"; };
		FA48741516A0AE6C00D034FC /* Default-568h@2x.png */ = {isa = PBXFileReference; lastKnownFileType = image.png; path = "Default-568h@2x.png"; sourceTree = "<group>"; };
/* End PBXFileReference section */

/* Begin PBXFrameworksBuildPhase section */
		FA4873F816A0AE6C00D034FC /* Frameworks */ = {
			isa = PBXFrameworksBuildPhase;
			buildActionMask = 2147483647;
			files = (
				FA48740016A0AE6C00D034FC /* UIKit.framework in Frameworks */,
				FA48740216A0AE6C00D034FC /* Foundation.framework in Frameworks */,
				FA48740416A0AE6C00D034FC /* CoreGraphics.framework in Frameworks */,
			);
			runOnlyForDeploymentPostprocessing = 0;
		};
/* End PBXFrameworksBuildPhase section */

/* Begin PBXGroup section */
		FA4873F016A0AE6C00D034FC = {
			isa = PBXGroup;
			children = (
				FA48740516A0AE6C00D034FC /* OBJCapp */,
				FA4873FE16A0AE6C00D034FC /* Frameworks */,
				FA4873FC16A0AE6C00D034FC /* Products */,
			);
			sourceTree = "<group>";
		};
		FA4873FC16A0AE6C00D034FC /* Products */ = {
			isa = PBXGroup;
			children = (
				FA4873FB16A0AE6C00D034FC /* OBJCapp.app */,
			);
			name = Products;
			sourceTree = "<group>";
		};
		FA4873FE16A0AE6C00D034FC /* Frameworks */ = {
			isa = PBXGroup;
			children = (
				FA4873FF16A0AE6C00D034FC /* UIKit.framework */,
				FA48740116A0AE6C00D034FC /* Foundation.framework */,
				FA48740316A0AE6C00D034FC /* CoreGraphics.framework */,
			);
			name = Frameworks;
			sourceTree = "<group>";
		};
		FA48740516A0AE6C00D034FC /* OBJCapp */ = {
			isa = PBXGroup;
			children = (
				FA48740E16A0AE6C00D034FC /* AppDelegate.h */,
				FA48740F16A0AE6C00D034FC /* AppDelegate.m */,
				FA48740616A0AE6C00D034FC /* Supporting Files */,
			);
			path = OBJCapp;
			sourceTree = "<group>";
		};
		FA48740616A0AE6C00D034FC /* Supporting Files */ = {
			isa = PBXGroup;
			children = (
				FA48740716A0AE6C00D034FC /* OBJCapp-Info.plist */,
				FA48740816A0AE6C00D034FC /* InfoPlist.strings */,
				FA48740B16A0AE6C00D034FC /* main.m */,
				FA48740D16A0AE6C00D034FC /* OBJCapp-Prefix.pch */,
				FA48741116A0AE6C00D034FC /* Default.png */,
				FA48741316A0AE6C00D034FC /* Default@2x.png */,
				FA48741516A0AE6C00D034FC /* Default-568h@2x.png */,
			);
			name = "Supporting Files";
			sourceTree = "<group>";
		};
/* End PBXGroup section */

/* Begin PBXNativeTarget section */
		FA4873FA16A0AE6C00D034FC /* OBJCapp */ = {
			isa = PBXNativeTarget;
			buildConfigurationList = FA48741916A0AE6C00D034FC /* Build configuration list for PBXNativeTarget "OBJCapp" */;
			buildPhases = (
				FA4873F716A0AE6C00D034FC /* Sources */,
				FA4873F816A0AE6C00D034FC /* Frameworks */,
				FA4873F916A0AE6C00D034FC /* Resources */,
			);
			buildRules = (
			);
			dependencies = (
			);
			name = OBJCapp;
			productName = OBJCapp;
			productReference = FA4873FB16A0AE6C00D034FC /* OBJCapp.app */;
			productType = "com.apple.product-type.application";
		};
/* End PBXNativeTarget section */

/* Begin PBXProject section */
		FA4873F216A0AE6C00D034FC /* Project object */ = {
			isa = PBXProject;
			attributes = {
				LastUpgradeCheck = 0450;
				ORGANIZATIONNAME = "Courtney Ardis";
			};
			buildConfigurationList = FA4873F516A0AE6C00D034FC /* Build configuration list for PBXProject "OBJCapp" */;
			compatibilityVersion = "Xcode 3.2";
			developmentRegion = English;
			hasScannedForEncodings = 0;
			knownRegions = (
				en,
			);
			mainGroup = FA4873F016A0AE6C00D034FC;
			productRefGroup = FA4873FC16A0AE6C00D034FC /* Products */;
			projectDirPath = "";
			projectRoot = "";
			targets = (
				FA4873FA16A0AE6C00D034FC /* OBJCapp */,
			);
		};
/* End PBXProject section */

/* Begin PBXResourcesBuildPhase section */
		FA4873F916A0AE6C00D034FC /* Resources */ = {
			isa = PBXResourcesBuildPhase;
			buildActionMask = 2147483647;
			files = (
				FA48740A16A0AE6C00D034FC /* InfoPlist.strings in Resources */,
				FA48741216A0AE6C00D034FC /* Default.png in Resources */,
				FA48741416A0AE6C00D034FC /* Default@2x.png in Resources */,
				FA48741616A0AE6C00D034FC /* Default-568h@2x.png in Resources */,
			);
			runOnlyForDeploymentPostprocessing = 0;
		};
/* End PBXResourcesBuildPhase section */

/* Begin PBXSourcesBuildPhase section */
		FA4873F716A0AE6C00D034FC /* Sources */ = {
			isa = PBXSourcesBuildPhase;
			buildActionMask = 2147483647;
			files = (
				FA48740C16A0AE6C00D034FC /* main.m in Sources */,
				FA48741016A0AE6C00D034FC /* AppDelegate.m in Sources */,
			);
			runOnlyForDeploymentPostprocessing = 0;
		};
/* End PBXSourcesBuildPhase section */

/* Begin PBXVariantGroup section */
		FA48740816A0AE6C00D034FC /* InfoPlist.strings */ = {
			isa = PBXVariantGroup;
			children = (
				FA48740916A0AE6C00D034FC /* en */,
			);
			name = InfoPlist.strings;
			sourceTree = "<group>";
		};
/* End PBXVariantGroup section */

/* Begin XCBuildConfiguration section */
		FA48741716A0AE6C00D034FC /* Debug */ = {
			isa = XCBuildConfiguration;
			buildSettings = {
				ALWAYS_SEARCH_USER_PATHS = NO;
				CLANG_CXX_LANGUAGE_STANDARD = "gnu++0x";
				CLANG_CXX_LIBRARY = "libc++";
				CLANG_WARN_EMPTY_BODY = YES;
				CLANG_WARN__DUPLICATE_METHOD_MATCH = YES;
				"CODE_SIGN_IDENTITY[sdk=iphoneos*]" = "iPhone Developer";
				COPY_PHASE_STRIP = NO;
				GCC_C_LANGUAGE_STANDARD = gnu99;
				GCC_DYNAMIC_NO_PIC = NO;
				GCC_OPTIMIZATION_LEVEL = 0;
				GCC_PREPROCESSOR_DEFINITIONS = (
					"DEBUG=1",
					"$(inherited)",
				);
				GCC_SYMBOLS_PRIVATE_EXTERN = NO;
				GCC_WARN_ABOUT_RETURN_TYPE = YES;
				GCC_WARN_UNINITIALIZED_AUTOS = YES;
				GCC_WARN_UNUSED_VARIABLE = YES;
				IPHONEOS_DEPLOYMENT_TARGET = 6.0;
				ONLY_ACTIVE_ARCH = YES;
				SDKROOT = iphoneos;
				TARGETED_DEVICE_FAMILY = "1,2";
			};
			name = Debug;
		};
		FA48741816A0AE6C00D034FC /* Release */ = {
			isa = XCBuildConfiguration;
			buildSettings = {
				ALWAYS_SEARCH_USER_PATHS = NO;
				CLANG_CXX_LANGUAGE_STANDARD = "gnu++0x";
				CLANG_CXX_LIBRARY = "libc++";
				CLANG_WARN_EMPTY_BODY = YES;
				CLANG_WARN__DUPLICATE_METHOD_MATCH = YES;
				"CODE_SIGN_IDENTITY[sdk=iphoneos*]" = "iPhone Developer";
				COPY_PHASE_STRIP = YES;
				GCC_C_LANGUAGE_STANDARD = gnu99;
				GCC_WARN_ABOUT_RETURN_TYPE = YES;
				GCC_WARN_UNINITIALIZED_AUTOS = YES;
				GCC_WARN_UNUSED_VARIABLE = YES;
				IPHONEOS_DEPLOYMENT_TARGET = 6.0;
				OTHER_CFLAGS = "-DNS_BLOCK_ASSERTIONS=1";
				SDKROOT = iphoneos;
				TARGETED_DEVICE_FAMILY = "1,2";
				VALIDATE_PRODUCT = YES;
			};
			name = Release;
		};
		FA48741A16A0AE6C00D034FC /* Debug */ = {
			isa = XCBuildConfiguration;
			buildSettings = {
				GCC_PRECOMPILE_PREFIX_HEADER = YES;
				GCC_PREFIX_HEADER = "OBJCapp/OBJCapp-Prefix.pch";
				INFOPLIST_FILE = "OBJCapp/OBJCapp-Info.plist";
				PRODUCT_NAME = "$(TARGET_NAME)";
				WRAPPER_EXTENSION = app;
			};
			name = Debug;
		};
		FA48741B16A0AE6C00D034FC /* Release */ = {
			isa = XCBuildConfiguration;
			buildSettings = {
				GCC_PRECOMPILE_PREFIX_HEADER = YES;
				GCC_PREFIX_HEADER = "OBJCapp/OBJCapp-Prefix.pch";
				INFOPLIST_FILE = "OBJCapp/OBJCapp-Info.plist";
				PRODUCT_NAME = "$(TARGET_NAME)";
				WRAPPER_EXTENSION = app;
			};
			name = Release;
		};
/* End XCBuildConfiguration section */

/* Begin XCConfigurationList section */
		FA4873F516A0AE6C00D034FC /* Build configuration list for PBXProject "OBJCapp" */ = {
			isa = XCConfigurationList;
			buildConfigurations = (
				FA48741716A0AE6C00D034FC /* Debug */,
				FA48741816A0AE6C00D034FC /* Release */,
			);
			defaultConfigurationIsVisible = 0;
			defaultConfigurationName = Release;
		};
		FA48741916A0AE6C00D034FC /* Build configuration list for PBXNativeTarget "OBJCapp" */ = {
			isa = XCConfigurationList;
			buildConfigurations = (
				FA48741A16A0AE6C00D034FC /* Debug */,
				FA48741B16A0AE6C00D034FC /* Release */,
			);
			defaultConfigurationIsVisible = 0;
		};
/* End XCConfigurationList section */
	};
	rootObject = FA4873F216A0AE6C00D034FC /* Project object */;
}
